
Microsoft Visual Studio Solution File, Format Version 12.00
# Visual Studio 2015
Project("{FAE04EC0-301F-11D3-BF4B-00C04F79EFBC}") = "hol.CSharp", "hol.CSharp.csproj", "{B1441BFE-C0D2-4F70-A71B-CA3AC1C3852C}"
EndProject
Global
	GlobalSection(SolutionConfigurationPlatforms) = preSolution
		Debug|Any CPU = Debug|Any CPU
		Release|Any CPU = Release|Any CPU
	EndGlobalSection
	GlobalSection(ProjectConfigurationPlatforms) = postSolution
		{B1441BFE-C0D2-4F70-A71B-CA3AC1C3852C}.Debug|Any CPU.ActiveCfg = Debug|Any CPU
		{B1441BFE-C0D2-4F70-A71B-CA3AC1C3852C}.Debug|Any CPU.Build.0 = Debug|Any CPU
		{B1441BFE-C0D2-4F70-A71B-CA3AC1C3852C}.Release|Any CPU.ActiveCfg = Release|Any CPU
		{B1441BFE-C0D2-4F70-A71B-CA3AC1C3852C}.Release|Any CPU.Build.0 = Release|Any CPU
	EndGlobalSection
	GlobalSection(SolutionProperties) = preSolution
		HideSolutionNode = FALSE
	EndGlobalSection
EndGlobal
